PODS:
  - ActiveLookSDK (4.3.0)
  - ObjectBox (1.8.1)

DEPENDENCIES:
  - ActiveLookSDK (from `https://github.com/ActiveLook/ios-sdk.git`, tag `v4.3.0`)
  - ObjectBox

SPEC REPOS:
  trunk:
    - ObjectBox

EXTERNAL SOURCES:
  ActiveLookSDK:
    :git: https://github.com/ActiveLook/ios-sdk.git
    :tag: v4.3.0

CHECKOUT OPTIONS:
  ActiveLookSDK:
    :git: https://github.com/ActiveLook/ios-sdk.git
    :tag: v4.3.0

SPEC CHECKSUMS:
  ActiveLookSDK: be44ac550ba7e9ddacd2ccc837a020ca5e3ca3c8
  ObjectBox: a7900d5335218cd437cbc080b7ccc38a5211f7b4

PODFILE CHECKSUM: 3cb7f4b907584dca86c5b7b363eabf67e7264fe5

COCOAPODS: 1.12.0
